// !$*UTF8*$!
{
	archiveVersion = 1;
	classes = {
	};
	objectVersion = 56;
	objects = {

/* Begin PBXBuildFile section */
		9B1461312BD08573009C931B /* ScriptingBridge.framework in Frameworks */ = {isa = PBXBuildFile; fileRef = 9B1461302BD08573009C931B /* ScriptingBridge.framework */; };
		9B1486722BD475DA00D67669 /* WindowAccessor.swift in Sources */ = {isa = PBXBuildFile; fileRef = 9B1486712BD475DA00D67669 /* WindowAccessor.swift */; };
		9B1B0F912BE59C3800E26B26 /* PlayerStateNotification.swift in Sources */ = {isa = PBXBuildFile; fileRef = 9B1B0F902BE59C3800E26B26 /* PlayerStateNotification.swift */; };
		9B1B0F942BE5A55700E26B26 /* Player.swift in Sources */ = {isa = PBXBuildFile; fileRef = 9B1B0F932BE5A55700E26B26 /* Player.swift */; };
		9B1B0F962BE5A57800E26B26 /* PlaybackState.swift in Sources */ = {isa = PBXBuildFile; fileRef = 9B1B0F952BE5A57800E26B26 /* PlaybackState.swift */; };
		9B1B0F992BE5AE8300E26B26 /* UtilsTests.swift in Sources */ = {isa = PBXBuildFile; fileRef = 9B1B0F982BE5AE8300E26B26 /* UtilsTests.swift */; };
		9B27558A2BE960D60007E18B /* Secrets.swift in Sources */ = {isa = PBXBuildFile; fileRef = 9B2755892BE960D60007E18B /* Secrets.swift */; };
		9B55030B2BD5F49C0005BEBD /* StringExtensionTests.swift in Sources */ = {isa = PBXBuildFile; fileRef = 9B55030A2BD5F49C0005BEBD /* StringExtensionTests.swift */; };
		9BAC6E112BD0A082004B80E1 /* SpotifyBridge.swift in Sources */ = {isa = PBXBuildFile; fileRef = 9BAC6E102BD0A082004B80E1 /* SpotifyBridge.swift */; };
		9BAEAE9F2BDAE2C400C85936 /* LoggerExtension.swift in Sources */ = {isa = PBXBuildFile; fileRef = 9BAEAE9E2BDAE2C400C85936 /* LoggerExtension.swift */; };
		9BAEAEA12BDAE6F200C85936 /* Utils.swift in Sources */ = {isa = PBXBuildFile; fileRef = 9BAEAEA02BDAE6F200C85936 /* Utils.swift */; };
		9BC6A97D2BE7F1FC0069726E /* MusicAPI.swift in Sources */ = {isa = PBXBuildFile; fileRef = 9BC6A97C2BE7F1FC0069726E /* MusicAPI.swift */; };
		9BC6A97F2BE7F2080069726E /* PlayerAPI.swift in Sources */ = {isa = PBXBuildFile; fileRef = 9BC6A97E2BE7F2080069726E /* PlayerAPI.swift */; };
		9BC6A9822BE7F4400069726E /* SwiftJWT in Frameworks */ = {isa = PBXBuildFile; productRef = 9BC6A9812BE7F4400069726E /* SwiftJWT */; };
		9BC6A9852BE803D80069726E /* MusicBridge.swift in Sources */ = {isa = PBXBuildFile; fileRef = 9BC6A9832BE803D80069726E /* MusicBridge.swift */; };
		9BC6B6872BCA2CDF005421AE /* Alamofire in Frameworks */ = {isa = PBXBuildFile; productRef = 9BC6B6862BCA2CDF005421AE /* Alamofire */; };
		9BC6B6892BCA2D49005421AE /* SpotifyAPI.swift in Sources */ = {isa = PBXBuildFile; fileRef = 9BC6B6882BCA2D49005421AE /* SpotifyAPI.swift */; };
		9BD4DCE22BC9E9D4001572F7 /* PlayerModel.swift in Sources */ = {isa = PBXBuildFile; fileRef = 9BD4DCE12BC9E9D4001572F7 /* PlayerModel.swift */; };
		9BD4DCE42BC9EC8B001572F7 /* PlayerViewModel.swift in Sources */ = {isa = PBXBuildFile; fileRef = 9BD4DCE32BC9EC8B001572F7 /* PlayerViewModel.swift */; };
		9BE2FA1C2BC97CCC00A7124B /* SoundSeerApp.swift in Sources */ = {isa = PBXBuildFile; fileRef = 9BE2FA1B2BC97CCC00A7124B /* SoundSeerApp.swift */; };
		9BE2FA202BC97CCD00A7124B /* Assets.xcassets in Resources */ = {isa = PBXBuildFile; fileRef = 9BE2FA1F2BC97CCD00A7124B /* Assets.xcassets */; };
		9BEB2DDB2BD1C02E0038E223 /* StringExtension.swift in Sources */ = {isa = PBXBuildFile; fileRef = 9BEB2DDA2BD1C02E0038E223 /* StringExtension.swift */; };
/* End PBXBuildFile section */

/* Begin PBXContainerItemProxy section */
		9B5503052BD5F22E0005BEBD /* PBXContainerItemProxy */ = {
			isa = PBXContainerItemProxy;
			containerPortal = 9BE2FA102BC97CCC00A7124B /* Project object */;
			proxyType = 1;
			remoteGlobalIDString = 9BE2FA172BC97CCC00A7124B;
			remoteInfo = SoundSeer;
		};
/* End PBXContainerItemProxy section */

/* Begin PBXFileReference section */
		9B1461302BD08573009C931B /* ScriptingBridge.framework */ = {isa = PBXFileReference; lastKnownFileType = wrapper.framework; name = ScriptingBridge.framework; path = System/Library/Frameworks/ScriptingBridge.framework; sourceTree = SDKROOT; };
		9B1486712BD475DA00D67669 /* WindowAccessor.swift */ = {isa = PBXFileReference; lastKnownFileType = sourcecode.swift; path = WindowAccessor.swift; sourceTree = "<group>"; };
		9B1B0F902BE59C3800E26B26 /* PlayerStateNotification.swift */ = {isa = PBXFileReference; lastKnownFileType = sourcecode.swift; path = PlayerStateNotification.swift; sourceTree = "<group>"; };
		9B1B0F932BE5A55700E26B26 /* Player.swift */ = {isa = PBXFileReference; lastKnownFileType = sourcecode.swift; path = Player.swift; sourceTree = "<group>"; };
		9B1B0F952BE5A57800E26B26 /* PlaybackState.swift */ = {isa = PBXFileReference; lastKnownFileType = sourcecode.swift; path = PlaybackState.swift; sourceTree = "<group>"; };
		9B1B0F982BE5AE8300E26B26 /* UtilsTests.swift */ = {isa = PBXFileReference; lastKnownFileType = sourcecode.swift; path = UtilsTests.swift; sourceTree = "<group>"; };
		9B258F2D2BDF193100DC5EE2 /* Info.plist */ = {isa = PBXFileReference; lastKnownFileType = text.plist; path = Info.plist; sourceTree = "<group>"; };
		9B2755892BE960D60007E18B /* Secrets.swift */ = {isa = PBXFileReference; lastKnownFileType = sourcecode.swift; path = Secrets.swift; sourceTree = "<group>"; };
		9B5503012BD5F22E0005BEBD /* SoundSeerTests.xctest */ = {isa = PBXFileReference; explicitFileType = wrapper.cfbundle; includeInIndex = 0; path = SoundSeerTests.xctest; sourceTree = BUILT_PRODUCTS_DIR; };
		9B55030A2BD5F49C0005BEBD /* StringExtensionTests.swift */ = {isa = PBXFileReference; lastKnownFileType = sourcecode.swift; path = StringExtensionTests.swift; sourceTree = "<group>"; };
		9BAC6E102BD0A082004B80E1 /* SpotifyBridge.swift */ = {isa = PBXFileReference; lastKnownFileType = sourcecode.swift; path = SpotifyBridge.swift; sourceTree = "<group>"; };
		9BAEAE9E2BDAE2C400C85936 /* LoggerExtension.swift */ = {isa = PBXFileReference; lastKnownFileType = sourcecode.swift; path = LoggerExtension.swift; sourceTree = "<group>"; };
		9BAEAEA02BDAE6F200C85936 /* Utils.swift */ = {isa = PBXFileReference; lastKnownFileType = sourcecode.swift; path = Utils.swift; sourceTree = "<group>"; };
		9BC6A97C2BE7F1FC0069726E /* MusicAPI.swift */ = {isa = PBXFileReference; lastKnownFileType = sourcecode.swift; path = MusicAPI.swift; sourceTree = "<group>"; };
		9BC6A97E2BE7F2080069726E /* PlayerAPI.swift */ = {isa = PBXFileReference; lastKnownFileType = sourcecode.swift; path = PlayerAPI.swift; sourceTree = "<group>"; };
		9BC6A9832BE803D80069726E /* MusicBridge.swift */ = {isa = PBXFileReference; fileEncoding = 4; lastKnownFileType = sourcecode.swift; path = MusicBridge.swift; sourceTree = "<group>"; };
		9BC6B6882BCA2D49005421AE /* SpotifyAPI.swift */ = {isa = PBXFileReference; lastKnownFileType = sourcecode.swift; path = SpotifyAPI.swift; sourceTree = "<group>"; };
		9BD4DCE12BC9E9D4001572F7 /* PlayerModel.swift */ = {isa = PBXFileReference; lastKnownFileType = sourcecode.swift; path = PlayerModel.swift; sourceTree = "<group>"; };
		9BD4DCE32BC9EC8B001572F7 /* PlayerViewModel.swift */ = {isa = PBXFileReference; lastKnownFileType = sourcecode.swift; path = PlayerViewModel.swift; sourceTree = "<group>"; };
		9BE2FA182BC97CCC00A7124B /* SoundSeer.app */ = {isa = PBXFileReference; explicitFileType = wrapper.application; includeInIndex = 0; path = SoundSeer.app; sourceTree = BUILT_PRODUCTS_DIR; };
		9BE2FA1B2BC97CCC00A7124B /* SoundSeerApp.swift */ = {isa = PBXFileReference; lastKnownFileType = sourcecode.swift; path = SoundSeerApp.swift; sourceTree = "<group>"; };
		9BE2FA1F2BC97CCD00A7124B /* Assets.xcassets */ = {isa = PBXFileReference; lastKnownFileType = folder.assetcatalog; path = Assets.xcassets; sourceTree = "<group>"; };
		9BE2FA242BC97CCD00A7124B /* SoundSeer.entitlements */ = {isa = PBXFileReference; lastKnownFileType = text.plist.entitlements; path = SoundSeer.entitlements; sourceTree = "<group>"; };
		9BEB2DDA2BD1C02E0038E223 /* StringExtension.swift */ = {isa = PBXFileReference; lastKnownFileType = sourcecode.swift; path = StringExtension.swift; sourceTree = "<group>"; };
/* End PBXFileReference section */

/* Begin PBXFrameworksBuildPhase section */
		9B5502FE2BD5F22E0005BEBD /* Frameworks */ = {
			isa = PBXFrameworksBuildPhase;
			buildActionMask = 2147483647;
			files = (
			);
			runOnlyForDeploymentPostprocessing = 0;
		};
		9BE2FA152BC97CCC00A7124B /* Frameworks */ = {
			isa = PBXFrameworksBuildPhase;
			buildActionMask = 2147483647;
			files = (
				9B1461312BD08573009C931B /* ScriptingBridge.framework in Frameworks */,
				9BC6B6872BCA2CDF005421AE /* Alamofire in Frameworks */,
				9BC6A9822BE7F4400069726E /* SwiftJWT in Frameworks */,
			);
			runOnlyForDeploymentPostprocessing = 0;
		};
/* End PBXFrameworksBuildPhase section */

/* Begin PBXGroup section */
		9B14612F2BD08573009C931B /* Frameworks */ = {
			isa = PBXGroup;
			children = (
				9B1461302BD08573009C931B /* ScriptingBridge.framework */,
			);
			name = Frameworks;
			sourceTree = "<group>";
		};
		9B1B0F922BE5A54A00E26B26 /* Primitives */ = {
			isa = PBXGroup;
			children = (
				9B1B0F952BE5A57800E26B26 /* PlaybackState.swift */,
				9B1B0F932BE5A55700E26B26 /* Player.swift */,
			);
			path = Primitives;
			sourceTree = "<group>";
		};
		9B1B0F972BE5A5B800E26B26 /* Models */ = {
			isa = PBXGroup;
			children = (
				9BD4DCE12BC9E9D4001572F7 /* PlayerModel.swift */,
				9B1B0F902BE59C3800E26B26 /* PlayerStateNotification.swift */,
			);
			path = Models;
			sourceTree = "<group>";
		};
		9B2755882BE95E9A0007E18B /* API */ = {
			isa = PBXGroup;
			children = (
				9BC6A97C2BE7F1FC0069726E /* MusicAPI.swift */,
				9BC6A97E2BE7F2080069726E /* PlayerAPI.swift */,
				9BC6B6882BCA2D49005421AE /* SpotifyAPI.swift */,
			);
			path = API;
			sourceTree = "<group>";
		};
		9B5503022BD5F22E0005BEBD /* SoundSeerTests */ = {
			isa = PBXGroup;
			children = (
				9B55030A2BD5F49C0005BEBD /* StringExtensionTests.swift */,
				9B1B0F982BE5AE8300E26B26 /* UtilsTests.swift */,
			);
			path = SoundSeerTests;
			sourceTree = "<group>";
		};
		9BAEAEA22BDAE8AD00C85936 /* Bridges */ = {
			isa = PBXGroup;
			children = (
				9BC6A9832BE803D80069726E /* MusicBridge.swift */,
				9BAC6E102BD0A082004B80E1 /* SpotifyBridge.swift */,
			);
			path = Bridges;
			sourceTree = "<group>";
		};
		9BAEAEA32BDAE8D000C85936 /* Extensions */ = {
			isa = PBXGroup;
			children = (
				9BAEAE9E2BDAE2C400C85936 /* LoggerExtension.swift */,
				9BEB2DDA2BD1C02E0038E223 /* StringExtension.swift */,
			);
			path = Extensions;
			sourceTree = "<group>";
		};
		9BE2FA0F2BC97CCC00A7124B = {
			isa = PBXGroup;
			children = (
				9B14612F2BD08573009C931B /* Frameworks */,
				9BE2FA192BC97CCC00A7124B /* Products */,
				9BE2FA1A2BC97CCC00A7124B /* SoundSeer */,
				9BE2FA242BC97CCD00A7124B /* SoundSeer.entitlements */,
				9B5503022BD5F22E0005BEBD /* SoundSeerTests */,
			);
			sourceTree = "<group>";
		};
		9BE2FA192BC97CCC00A7124B /* Products */ = {
			isa = PBXGroup;
			children = (
				9BE2FA182BC97CCC00A7124B /* SoundSeer.app */,
				9B5503012BD5F22E0005BEBD /* SoundSeerTests.xctest */,
			);
			name = Products;
			sourceTree = "<group>";
		};
		9BE2FA1A2BC97CCC00A7124B /* SoundSeer */ = {
			isa = PBXGroup;
			children = (
				9B2755882BE95E9A0007E18B /* API */,
				9BE2FA1F2BC97CCD00A7124B /* Assets.xcassets */,
				9BAEAEA22BDAE8AD00C85936 /* Bridges */,
				9BAEAEA32BDAE8D000C85936 /* Extensions */,
				9B258F2D2BDF193100DC5EE2 /* Info.plist */,
				9B1B0F972BE5A5B800E26B26 /* Models */,
				9BD4DCE32BC9EC8B001572F7 /* PlayerViewModel.swift */,
				9B1B0F922BE5A54A00E26B26 /* Primitives */,
				9BE2FA1B2BC97CCC00A7124B /* SoundSeerApp.swift */,
				9BAEAEA02BDAE6F200C85936 /* Utils.swift */,
				9B1486712BD475DA00D67669 /* WindowAccessor.swift */,
				9B2755892BE960D60007E18B /* Secrets.swift */,
			);
			path = SoundSeer;
			sourceTree = "<group>";
		};
/* End PBXGroup section */

/* Begin PBXNativeTarget section */
		9B5503002BD5F22E0005BEBD /* SoundSeerTests */ = {
			isa = PBXNativeTarget;
			buildConfigurationList = 9B5503092BD5F22E0005BEBD /* Build configuration list for PBXNativeTarget "SoundSeerTests" */;
			buildPhases = (
				9B5502FD2BD5F22E0005BEBD /* Sources */,
				9B5502FE2BD5F22E0005BEBD /* Frameworks */,
				9B5502FF2BD5F22E0005BEBD /* Resources */,
			);
			buildRules = (
			);
			dependencies = (
				9B5503062BD5F22E0005BEBD /* PBXTargetDependency */,
			);
			name = SoundSeerTests;
			productName = SoundSeerTests;
			productReference = 9B5503012BD5F22E0005BEBD /* SoundSeerTests.xctest */;
			productType = "com.apple.product-type.bundle.unit-test";
		};
		9BE2FA172BC97CCC00A7124B /* SoundSeer */ = {
			isa = PBXNativeTarget;
			buildConfigurationList = 9BE2FA272BC97CCD00A7124B /* Build configuration list for PBXNativeTarget "SoundSeer" */;
			buildPhases = (
				9BE2FA142BC97CCC00A7124B /* Sources */,
				9BE2FA152BC97CCC00A7124B /* Frameworks */,
				9BE2FA162BC97CCC00A7124B /* Resources */,
			);
			buildRules = (
			);
			dependencies = (
			);
			name = SoundSeer;
			packageProductDependencies = (
				9BC6B6862BCA2CDF005421AE /* Alamofire */,
				9BC6A9812BE7F4400069726E /* SwiftJWT */,
			);
			productName = SoundSeer;
			productReference = 9BE2FA182BC97CCC00A7124B /* SoundSeer.app */;
			productType = "com.apple.product-type.application";
		};
/* End PBXNativeTarget section */

/* Begin PBXProject section */
		9BE2FA102BC97CCC00A7124B /* Project object */ = {
			isa = PBXProject;
			attributes = {
				BuildIndependentTargetsInParallel = 1;
				LastSwiftUpdateCheck = 1530;
				LastUpgradeCheck = 1530;
				TargetAttributes = {
					9B5503002BD5F22E0005BEBD = {
						CreatedOnToolsVersion = 15.3;
						TestTargetID = 9BE2FA172BC97CCC00A7124B;
					};
					9BE2FA172BC97CCC00A7124B = {
						CreatedOnToolsVersion = 15.3;
						LastSwiftMigration = 1530;
					};
				};
			};
			buildConfigurationList = 9BE2FA132BC97CCC00A7124B /* Build configuration list for PBXProject "SoundSeer" */;
			compatibilityVersion = "Xcode 14.0";
			developmentRegion = en;
			hasScannedForEncodings = 0;
			knownRegions = (
				en,
				Base,
			);
			mainGroup = 9BE2FA0F2BC97CCC00A7124B;
			packageReferences = (
				9BC6B6852BCA2CDF005421AE /* XCRemoteSwiftPackageReference "Alamofire" */,
				9BC6A9802BE7F4400069726E /* XCRemoteSwiftPackageReference "Swift-JWT" */,
			);
			productRefGroup = 9BE2FA192BC97CCC00A7124B /* Products */;
			projectDirPath = "";
			projectRoot = "";
			targets = (
				9BE2FA172BC97CCC00A7124B /* SoundSeer */,
				9B5503002BD5F22E0005BEBD /* SoundSeerTests */,
			);
		};
/* End PBXProject section */

/* Begin PBXResourcesBuildPhase section */
		9B5502FF2BD5F22E0005BEBD /* Resources */ = {
			isa = PBXResourcesBuildPhase;
			buildActionMask = 2147483647;
			files = (
			);
			runOnlyForDeploymentPostprocessing = 0;
		};
		9BE2FA162BC97CCC00A7124B /* Resources */ = {
			isa = PBXResourcesBuildPhase;
			buildActionMask = 2147483647;
			files = (
				9BE2FA202BC97CCD00A7124B /* Assets.xcassets in Resources */,
			);
			runOnlyForDeploymentPostprocessing = 0;
		};
/* End PBXResourcesBuildPhase section */

/* Begin PBXSourcesBuildPhase section */
		9B5502FD2BD5F22E0005BEBD /* Sources */ = {
			isa = PBXSourcesBuildPhase;
			buildActionMask = 2147483647;
			files = (
				9B55030B2BD5F49C0005BEBD /* StringExtensionTests.swift in Sources */,
				9B1B0F992BE5AE8300E26B26 /* UtilsTests.swift in Sources */,
			);
			runOnlyForDeploymentPostprocessing = 0;
		};
		9BE2FA142BC97CCC00A7124B /* Sources */ = {
			isa = PBXSourcesBuildPhase;
			buildActionMask = 2147483647;
			files = (
				9BC6A9852BE803D80069726E /* MusicBridge.swift in Sources */,
				9B27558A2BE960D60007E18B /* Secrets.swift in Sources */,
				9BC6A97F2BE7F2080069726E /* PlayerAPI.swift in Sources */,
				9B1B0F912BE59C3800E26B26 /* PlayerStateNotification.swift in Sources */,
				9BE2FA1C2BC97CCC00A7124B /* SoundSeerApp.swift in Sources */,
				9BD4DCE22BC9E9D4001572F7 /* PlayerModel.swift in Sources */,
				9BAEAEA12BDAE6F200C85936 /* Utils.swift in Sources */,
				9B1B0F942BE5A55700E26B26 /* Player.swift in Sources */,
				9B1486722BD475DA00D67669 /* WindowAccessor.swift in Sources */,
				9BEB2DDB2BD1C02E0038E223 /* StringExtension.swift in Sources */,
				9BD4DCE42BC9EC8B001572F7 /* PlayerViewModel.swift in Sources */,
				9B1B0F962BE5A57800E26B26 /* PlaybackState.swift in Sources */,
				9BAEAE9F2BDAE2C400C85936 /* LoggerExtension.swift in Sources */,
				9BC6A97D2BE7F1FC0069726E /* MusicAPI.swift in Sources */,
				9BAC6E112BD0A082004B80E1 /* SpotifyBridge.swift in Sources */,
				9BC6B6892BCA2D49005421AE /* SpotifyAPI.swift in Sources */,
			);
			runOnlyForDeploymentPostprocessing = 0;
		};
/* End PBXSourcesBuildPhase section */

/* Begin PBXTargetDependency section */
		9B5503062BD5F22E0005BEBD /* PBXTargetDependency */ = {
			isa = PBXTargetDependency;
			target = 9BE2FA172BC97CCC00A7124B /* SoundSeer */;
			targetProxy = 9B5503052BD5F22E0005BEBD /* PBXContainerItemProxy */;
		};
/* End PBXTargetDependency section */

/* Begin XCBuildConfiguration section */
		9B5503072BD5F22E0005BEBD /* Debug */ = {
			isa = XCBuildConfiguration;
			buildSettings = {
				BUNDLE_LOADER = "$(TEST_HOST)";
				CODE_SIGN_STYLE = Automatic;
				CURRENT_PROJECT_VERSION = 1;
				DEVELOPMENT_TEAM = 5DR54W29BC;
				GENERATE_INFOPLIST_FILE = YES;
				MACOSX_DEPLOYMENT_TARGET = 14.4;
				MARKETING_VERSION = 1.0;
				PRODUCT_BUNDLE_IDENTIFIER = net.garelick.SoundSeerTests;
				PRODUCT_NAME = "$(TARGET_NAME)";
				SWIFT_EMIT_LOC_STRINGS = NO;
				SWIFT_VERSION = 5.0;
				TEST_HOST = "$(BUILT_PRODUCTS_DIR)/SoundSeer.app/$(BUNDLE_EXECUTABLE_FOLDER_PATH)/SoundSeer";
			};
			name = Debug;
		};
		9B5503082BD5F22E0005BEBD /* Release */ = {
			isa = XCBuildConfiguration;
			buildSettings = {
				BUNDLE_LOADER = "$(TEST_HOST)";
				CODE_SIGN_STYLE = Automatic;
				CURRENT_PROJECT_VERSION = 1;
				DEVELOPMENT_TEAM = 5DR54W29BC;
				GENERATE_INFOPLIST_FILE = YES;
				MACOSX_DEPLOYMENT_TARGET = 14.4;
				MARKETING_VERSION = 1.0;
				PRODUCT_BUNDLE_IDENTIFIER = net.garelick.SoundSeerTests;
				PRODUCT_NAME = "$(TARGET_NAME)";
				SWIFT_EMIT_LOC_STRINGS = NO;
				SWIFT_VERSION = 5.0;
				TEST_HOST = "$(BUILT_PRODUCTS_DIR)/SoundSeer.app/$(BUNDLE_EXECUTABLE_FOLDER_PATH)/SoundSeer";
			};
			name = Release;
		};
		9BE2FA252BC97CCD00A7124B /* Debug */ = {
			isa = XCBuildConfiguration;
			buildSettings = {
				ALWAYS_SEARCH_USER_PATHS = NO;
				ASSETCATALOG_COMPILER_GENERATE_SWIFT_ASSET_SYMBOL_EXTENSIONS = YES;
				CLANG_ANALYZER_NONNULL = YES;
				CLANG_ANALYZER_NUMBER_OBJECT_CONVERSION = YES_AGGRESSIVE;
				CLANG_CXX_LANGUAGE_STANDARD = "gnu++20";
				CLANG_ENABLE_MODULES = YES;
				CLANG_ENABLE_OBJC_ARC = YES;
				CLANG_ENABLE_OBJC_WEAK = YES;
				CLANG_WARN_BLOCK_CAPTURE_AUTORELEASING = YES;
				CLANG_WARN_BOOL_CONVERSION = YES;
				CLANG_WARN_COMMA = YES;
				CLANG_WARN_CONSTANT_CONVERSION = YES;
				CLANG_WARN_DEPRECATED_OBJC_IMPLEMENTATIONS = YES;
				CLANG_WARN_DIRECT_OBJC_ISA_USAGE = YES_ERROR;
				CLANG_WARN_DOCUMENTATION_COMMENTS = YES;
				CLANG_WARN_EMPTY_BODY = YES;
				CLANG_WARN_ENUM_CONVERSION = YES;
				CLANG_WARN_INFINITE_RECURSION = YES;
				CLANG_WARN_INT_CONVERSION = YES;
				CLANG_WARN_NON_LITERAL_NULL_CONVERSION = YES;
				CLANG_WARN_OBJC_IMPLICIT_RETAIN_SELF = YES;
				CLANG_WARN_OBJC_LITERAL_CONVERSION = YES;
				CLANG_WARN_OBJC_ROOT_CLASS = YES_ERROR;
				CLANG_WARN_QUOTED_INCLUDE_IN_FRAMEWORK_HEADER = YES;
				CLANG_WARN_RANGE_LOOP_ANALYSIS = YES;
				CLANG_WARN_STRICT_PROTOTYPES = YES;
				CLANG_WARN_SUSPICIOUS_MOVE = YES;
				CLANG_WARN_UNGUARDED_AVAILABILITY = YES_AGGRESSIVE;
				CLANG_WARN_UNREACHABLE_CODE = YES;
				CLANG_WARN__DUPLICATE_METHOD_MATCH = YES;
				COPY_PHASE_STRIP = NO;
				DEBUG_INFORMATION_FORMAT = dwarf;
				ENABLE_STRICT_OBJC_MSGSEND = YES;
				ENABLE_TESTABILITY = YES;
				ENABLE_USER_SCRIPT_SANDBOXING = YES;
				GCC_C_LANGUAGE_STANDARD = gnu17;
				GCC_DYNAMIC_NO_PIC = NO;
				GCC_NO_COMMON_BLOCKS = YES;
				GCC_OPTIMIZATION_LEVEL = 0;
				GCC_PREPROCESSOR_DEFINITIONS = (
					"DEBUG=1",
					"$(inherited)",
				);
				GCC_WARN_64_TO_32_BIT_CONVERSION = YES;
				GCC_WARN_ABOUT_RETURN_TYPE = YES_ERROR;
				GCC_WARN_UNDECLARED_SELECTOR = YES;
				GCC_WARN_UNINITIALIZED_AUTOS = YES_AGGRESSIVE;
				GCC_WARN_UNUSED_FUNCTION = YES;
				GCC_WARN_UNUSED_VARIABLE = YES;
				LOCALIZATION_PREFERS_STRING_CATALOGS = YES;
				MACOSX_DEPLOYMENT_TARGET = 13.0;
				MTL_ENABLE_DEBUG_INFO = INCLUDE_SOURCE;
				MTL_FAST_MATH = YES;
				ONLY_ACTIVE_ARCH = YES;
				SDKROOT = macosx;
				SWIFT_ACTIVE_COMPILATION_CONDITIONS = "DEBUG $(inherited)";
				SWIFT_OPTIMIZATION_LEVEL = "-Onone";
			};
			name = Debug;
		};
		9BE2FA262BC97CCD00A7124B /* Release */ = {
			isa = XCBuildConfiguration;
			buildSettings = {
				ALWAYS_SEARCH_USER_PATHS = NO;
				ASSETCATALOG_COMPILER_GENERATE_SWIFT_ASSET_SYMBOL_EXTENSIONS = YES;
				CLANG_ANALYZER_NONNULL = YES;
				CLANG_ANALYZER_NUMBER_OBJECT_CONVERSION = YES_AGGRESSIVE;
				CLANG_CXX_LANGUAGE_STANDARD = "gnu++20";
				CLANG_ENABLE_MODULES = YES;
				CLANG_ENABLE_OBJC_ARC = YES;
				CLANG_ENABLE_OBJC_WEAK = YES;
				CLANG_WARN_BLOCK_CAPTURE_AUTORELEASING = YES;
				CLANG_WARN_BOOL_CONVERSION = YES;
				CLANG_WARN_COMMA = YES;
				CLANG_WARN_CONSTANT_CONVERSION = YES;
				CLANG_WARN_DEPRECATED_OBJC_IMPLEMENTATIONS = YES;
				CLANG_WARN_DIRECT_OBJC_ISA_USAGE = YES_ERROR;
				CLANG_WARN_DOCUMENTATION_COMMENTS = YES;
				CLANG_WARN_EMPTY_BODY = YES;
				CLANG_WARN_ENUM_CONVERSION = YES;
				CLANG_WARN_INFINITE_RECURSION = YES;
				CLANG_WARN_INT_CONVERSION = YES;
				CLANG_WARN_NON_LITERAL_NULL_CONVERSION = YES;
				CLANG_WARN_OBJC_IMPLICIT_RETAIN_SELF = YES;
				CLANG_WARN_OBJC_LITERAL_CONVERSION = YES;
				CLANG_WARN_OBJC_ROOT_CLASS = YES_ERROR;
				CLANG_WARN_QUOTED_INCLUDE_IN_FRAMEWORK_HEADER = YES;
				CLANG_WARN_RANGE_LOOP_ANALYSIS = YES;
				CLANG_WARN_STRICT_PROTOTYPES = YES;
				CLANG_WARN_SUSPICIOUS_MOVE = YES;
				CLANG_WARN_UNGUARDED_AVAILABILITY = YES_AGGRESSIVE;
				CLANG_WARN_UNREACHABLE_CODE = YES;
				CLANG_WARN__DUPLICATE_METHOD_MATCH = YES;
				COPY_PHASE_STRIP = NO;
				DEBUG_INFORMATION_FORMAT = "dwarf-with-dsym";
				ENABLE_NS_ASSERTIONS = NO;
				ENABLE_STRICT_OBJC_MSGSEND = YES;
				ENABLE_USER_SCRIPT_SANDBOXING = YES;
				GCC_C_LANGUAGE_STANDARD = gnu17;
				GCC_NO_COMMON_BLOCKS = YES;
				GCC_WARN_64_TO_32_BIT_CONVERSION = YES;
				GCC_WARN_ABOUT_RETURN_TYPE = YES_ERROR;
				GCC_WARN_UNDECLARED_SELECTOR = YES;
				GCC_WARN_UNINITIALIZED_AUTOS = YES_AGGRESSIVE;
				GCC_WARN_UNUSED_FUNCTION = YES;
				GCC_WARN_UNUSED_VARIABLE = YES;
				LOCALIZATION_PREFERS_STRING_CATALOGS = YES;
				MACOSX_DEPLOYMENT_TARGET = 13.0;
				MTL_ENABLE_DEBUG_INFO = NO;
				MTL_FAST_MATH = YES;
				SDKROOT = macosx;
				SWIFT_COMPILATION_MODE = wholemodule;
			};
			name = Release;
		};
		9BE2FA282BC97CCD00A7124B /* Debug */ = {
			isa = XCBuildConfiguration;
			buildSettings = {
				ASSETCATALOG_COMPILER_APPICON_NAME = AppIcon;
				CLANG_ENABLE_MODULES = YES;
				CODE_SIGN_ENTITLEMENTS = SoundSeer.entitlements;
				CODE_SIGN_IDENTITY = "Apple Development";
				"CODE_SIGN_IDENTITY[sdk=macosx*]" = "Apple Development";
				CODE_SIGN_STYLE = Automatic;
				COMBINE_HIDPI_IMAGES = YES;
				CURRENT_PROJECT_VERSION = 17;
				DEFINES_MODULE = YES;
				DEVELOPMENT_TEAM = 5DR54W29BC;
				ENABLE_HARDENED_RUNTIME = YES;
				ENABLE_PREVIEWS = YES;
				GENERATE_INFOPLIST_FILE = YES;
				INFOPLIST_FILE = SoundSeer/Info.plist;
				INFOPLIST_KEY_CFBundleDisplayName = SoundSeer;
				INFOPLIST_KEY_LSApplicationCategoryType = "public.app-category.music";
				INFOPLIST_KEY_LSUIElement = YES;
				INFOPLIST_KEY_NSAppleEventsUsageDescription = "This permission is necessary to read Spotify data and control playback.";
				INFOPLIST_KEY_NSHumanReadableCopyright = "2024 Jonathan Garelick";
				LD_RUNPATH_SEARCH_PATHS = (
					"$(inherited)",
					"@executable_path/../Frameworks",
				);
				MARKETING_VERSION = 1.1.1;
				PRODUCT_BUNDLE_IDENTIFIER = net.garelick.SoundSeer;
				PRODUCT_NAME = "$(TARGET_NAME)";
				PROVISIONING_PROFILE_SPECIFIER = "";
				SWIFT_EMIT_LOC_STRINGS = YES;
				SWIFT_OPTIMIZATION_LEVEL = "-Onone";
				SWIFT_VERSION = 5.0;
			};
			name = Debug;
		};
		9BE2FA292BC97CCD00A7124B /* Release */ = {
			isa = XCBuildConfiguration;
			buildSettings = {
				ASSETCATALOG_COMPILER_APPICON_NAME = AppIcon;
				CLANG_ENABLE_MODULES = YES;
				CODE_SIGN_ENTITLEMENTS = SoundSeer.entitlements;
				CODE_SIGN_IDENTITY = "Apple Development";
				"CODE_SIGN_IDENTITY[sdk=macosx*]" = "Apple Development";
				CODE_SIGN_STYLE = Automatic;
				COMBINE_HIDPI_IMAGES = YES;
				CURRENT_PROJECT_VERSION = 17;
				DEFINES_MODULE = YES;
				DEVELOPMENT_TEAM = 5DR54W29BC;
				ENABLE_HARDENED_RUNTIME = YES;
				ENABLE_PREVIEWS = YES;
				GENERATE_INFOPLIST_FILE = YES;
				INFOPLIST_FILE = SoundSeer/Info.plist;
				INFOPLIST_KEY_CFBundleDisplayName = SoundSeer;
				INFOPLIST_KEY_LSApplicationCategoryType = "public.app-category.music";
				INFOPLIST_KEY_LSUIElement = YES;
				INFOPLIST_KEY_NSAppleEventsUsageDescription = "This permission is necessary to read Spotify data and control playback.";
				INFOPLIST_KEY_NSHumanReadableCopyright = "2024 Jonathan Garelick";
				LD_RUNPATH_SEARCH_PATHS = (
					"$(inherited)",
					"@executable_path/../Frameworks",
				);
				MARKETING_VERSION = 1.1.1;
				PRODUCT_BUNDLE_IDENTIFIER = net.garelick.SoundSeer;
				PRODUCT_NAME = "$(TARGET_NAME)";
				PROVISIONING_PROFILE_SPECIFIER = "";
				SWIFT_EMIT_LOC_STRINGS = YES;
				SWIFT_VERSION = 5.0;
			};
			name = Release;
		};
/* End XCBuildConfiguration section */

/* Begin XCConfigurationList section */
		9B5503092BD5F22E0005BEBD /* Build configuration list for PBXNativeTarget "SoundSeerTests" */ = {
			isa = XCConfigurationList;
			buildConfigurations = (
				9B5503072BD5F22E0005BEBD /* Debug */,
				9B5503082BD5F22E0005BEBD /* Release */,
			);
			defaultConfigurationIsVisible = 0;
			defaultConfigurationName = Release;
		};
		9BE2FA132BC97CCC00A7124B /* Build configuration list for PBXProject "SoundSeer" */ = {
			isa = XCConfigurationList;
			buildConfigurations = (
				9BE2FA252BC97CCD00A7124B /* Debug */,
				9BE2FA262BC97CCD00A7124B /* Release */,
			);
			defaultConfigurationIsVisible = 0;
			defaultConfigurationName = Release;
		};
		9BE2FA272BC97CCD00A7124B /* Build configuration list for PBXNativeTarget "SoundSeer" */ = {
			isa = XCConfigurationList;
			buildConfigurations = (
				9BE2FA282BC97CCD00A7124B /* Debug */,
				9BE2FA292BC97CCD00A7124B /* Release */,
			);
			defaultConfigurationIsVisible = 0;
			defaultConfigurationName = Release;
		};
/* End XCConfigurationList section */

/* Begin XCRemoteSwiftPackageReference section */
		9BC6A9802BE7F4400069726E /* XCRemoteSwiftPackageReference "Swift-JWT" */ = {
			isa = XCRemoteSwiftPackageReference;
			repositoryURL = "https://github.com/Kitura/Swift-JWT.git";
			requirement = {
				kind = upToNextMajorVersion;
				minimumVersion = 4.0.1;
			};
		};
		9BC6B6852BCA2CDF005421AE /* XCRemoteSwiftPackageReference "Alamofire" */ = {
			isa = XCRemoteSwiftPackageReference;
			repositoryURL = "https://github.com/Alamofire/Alamofire";
			requirement = {
				kind = upToNextMajorVersion;
				minimumVersion = 5.9.1;
			};
		};
/* End XCRemoteSwiftPackageReference section */

/* Begin XCSwiftPackageProductDependency section */
		9BC6A9812BE7F4400069726E /* SwiftJWT */ = {
			isa = XCSwiftPackageProductDependency;
			package = 9BC6A9802BE7F4400069726E /* XCRemoteSwiftPackageReference "Swift-JWT" */;
			productName = SwiftJWT;
		};
		9BC6B6862BCA2CDF005421AE /* Alamofire */ = {
			isa = XCSwiftPackageProductDependency;
			package = 9BC6B6852BCA2CDF005421AE /* XCRemoteSwiftPackageReference "Alamofire" */;
			productName = Alamofire;
		};
/* End XCSwiftPackageProductDependency section */
	};
	rootObject = 9BE2FA102BC97CCC00A7124B /* Project object */;
}
