// !$*UTF8*$!
{
	archiveVersion = 1;
	classes = {
	};
	objectVersion = 56;
	objects = {

/* Begin PBXBuildFile section */
		9B11EA212BFC202E00A7EE2D /* ResizeService.swift in Sources */ = {isa = PBXBuildFile; fileRef = 9B11EA202BFC202E00A7EE2D /* ResizeService.swift */; };
		9B1461312BD08573009C931B /* ScriptingBridge.framework in Frameworks */ = {isa = PBXBuildFile; fileRef = 9B1461302BD08573009C931B /* ScriptingBridge.framework */; };
		9B1B0F912BE59C3800E26B26 /* PlayerState.swift in Sources */ = {isa = PBXBuildFile; fileRef = 9B1B0F902BE59C3800E26B26 /* PlayerState.swift */; };
		9B1B0F962BE5A57800E26B26 /* PlaybackState.swift in Sources */ = {isa = PBXBuildFile; fileRef = 9B1B0F952BE5A57800E26B26 /* PlaybackState.swift */; };
		9B27558A2BE960D60007E18B /* Secrets.swift in Sources */ = {isa = PBXBuildFile; fileRef = 9B2755892BE960D60007E18B /* Secrets.swift */; };
		9B2B1A522BF80D2700DE1F5F /* LaunchAtLogin in Frameworks */ = {isa = PBXBuildFile; productRef = 9B2B1A512BF80D2700DE1F5F /* LaunchAtLogin */; };
		9B2B1A542BF8201400DE1F5F /* NoMusicPlayerMenuView.swift in Sources */ = {isa = PBXBuildFile; fileRef = 9B2B1A532BF8201400DE1F5F /* NoMusicPlayerMenuView.swift */; };
		9B2B1A562BF8203C00DE1F5F /* WarningView.swift in Sources */ = {isa = PBXBuildFile; fileRef = 9B2B1A552BF8203C00DE1F5F /* WarningView.swift */; };
		9B2B1A582BF8215700DE1F5F /* OutOfSpaceMenuView.swift in Sources */ = {isa = PBXBuildFile; fileRef = 9B2B1A572BF8215700DE1F5F /* OutOfSpaceMenuView.swift */; };
		9B2B1A5B2BF822AC00DE1F5F /* StandardMenuView.swift in Sources */ = {isa = PBXBuildFile; fileRef = 9B2B1A5A2BF822AC00DE1F5F /* StandardMenuView.swift */; };
		9B55030B2BD5F49C0005BEBD /* StringExtensionTests.swift in Sources */ = {isa = PBXBuildFile; fileRef = 9B55030A2BD5F49C0005BEBD /* StringExtensionTests.swift */; };
		9B5D25C02BF9588E0001D648 /* NotificationService.swift in Sources */ = {isa = PBXBuildFile; fileRef = 9B5D25BF2BF9588E0001D648 /* NotificationService.swift */; };
		9B8FB46B2BEAE2F400EA402E /* URIType.swift in Sources */ = {isa = PBXBuildFile; fileRef = 9B8FB46A2BEAE2F400EA402E /* URIType.swift */; };
		9B9E81812BFA6F4C0067B910 /* Player.swift in Sources */ = {isa = PBXBuildFile; fileRef = 9B9E81802BFA6F4C0067B910 /* Player.swift */; };
		9B9E81832BFA780F0067B910 /* SpotifyPlayer.swift in Sources */ = {isa = PBXBuildFile; fileRef = 9B9E81822BFA780F0067B910 /* SpotifyPlayer.swift */; };
		9B9E81852BFA78490067B910 /* AppleMusicPlayer.swift in Sources */ = {isa = PBXBuildFile; fileRef = 9B9E81842BFA78490067B910 /* AppleMusicPlayer.swift */; };
		9B9E81872BFA79460067B910 /* PlayerService.swift in Sources */ = {isa = PBXBuildFile; fileRef = 9B9E81862BFA79460067B910 /* PlayerService.swift */; };
		9BAEAE9F2BDAE2C400C85936 /* LoggerExtension.swift in Sources */ = {isa = PBXBuildFile; fileRef = 9BAEAE9E2BDAE2C400C85936 /* LoggerExtension.swift */; };
		9BC6A97D2BE7F1FC0069726E /* MusicAPI.swift in Sources */ = {isa = PBXBuildFile; fileRef = 9BC6A97C2BE7F1FC0069726E /* MusicAPI.swift */; };
		9BC6A9822BE7F4400069726E /* SwiftJWT in Frameworks */ = {isa = PBXBuildFile; productRef = 9BC6A9812BE7F4400069726E /* SwiftJWT */; };
		9BC6B6872BCA2CDF005421AE /* Alamofire in Frameworks */ = {isa = PBXBuildFile; productRef = 9BC6B6862BCA2CDF005421AE /* Alamofire */; };
		9BC6B6892BCA2D49005421AE /* SpotifyAPI.swift in Sources */ = {isa = PBXBuildFile; fileRef = 9BC6B6882BCA2D49005421AE /* SpotifyAPI.swift */; };
		9BD4DCE42BC9EC8B001572F7 /* SoundSeerViewModel.swift in Sources */ = {isa = PBXBuildFile; fileRef = 9BD4DCE32BC9EC8B001572F7 /* SoundSeerViewModel.swift */; };
		9BE2FA1C2BC97CCC00A7124B /* SoundSeerApp.swift in Sources */ = {isa = PBXBuildFile; fileRef = 9BE2FA1B2BC97CCC00A7124B /* SoundSeerApp.swift */; };
		9BE2FA202BC97CCD00A7124B /* Assets.xcassets in Resources */ = {isa = PBXBuildFile; fileRef = 9BE2FA1F2BC97CCD00A7124B /* Assets.xcassets */; };
		9BEB2DDB2BD1C02E0038E223 /* StringExtension.swift in Sources */ = {isa = PBXBuildFile; fileRef = 9BEB2DDA2BD1C02E0038E223 /* StringExtension.swift */; };
		9BF013C22BEA75010082457D /* SBApplicationManager.m in Sources */ = {isa = PBXBuildFile; fileRef = 9BF013C12BEA75010082457D /* SBApplicationManager.m */; };
		9BF013C92BEAAE120082457D /* PlayerControlsView.swift in Sources */ = {isa = PBXBuildFile; fileRef = 9BF013C82BEAAE120082457D /* PlayerControlsView.swift */; };
		9BF013CD2BEACB080082457D /* SettingsView.swift in Sources */ = {isa = PBXBuildFile; fileRef = 9BF013CC2BEACB080082457D /* SettingsView.swift */; };
		9BF013CF2BEACC3D0082457D /* SongDetailsView.swift in Sources */ = {isa = PBXBuildFile; fileRef = 9BF013CE2BEACC3D0082457D /* SongDetailsView.swift */; };
		9BF013D12BEACDF80082457D /* NowPlayingView.swift in Sources */ = {isa = PBXBuildFile; fileRef = 9BF013D02BEACDF80082457D /* NowPlayingView.swift */; };
/* End PBXBuildFile section */

/* Begin PBXContainerItemProxy section */
		9B5503052BD5F22E0005BEBD /* PBXContainerItemProxy */ = {
			isa = PBXContainerItemProxy;
			containerPortal = 9BE2FA102BC97CCC00A7124B /* Project object */;
			proxyType = 1;
			remoteGlobalIDString = 9BE2FA172BC97CCC00A7124B;
			remoteInfo = SoundSeer;
		};
/* End PBXContainerItemProxy section */

/* Begin PBXFileReference section */
		9B11EA202BFC202E00A7EE2D /* ResizeService.swift */ = {isa = PBXFileReference; lastKnownFileType = sourcecode.swift; path = ResizeService.swift; sourceTree = "<group>"; };
		9B1461302BD08573009C931B /* ScriptingBridge.framework */ = {isa = PBXFileReference; lastKnownFileType = wrapper.framework; name = ScriptingBridge.framework; path = System/Library/Frameworks/ScriptingBridge.framework; sourceTree = SDKROOT; };
		9B1B0F902BE59C3800E26B26 /* PlayerState.swift */ = {isa = PBXFileReference; lastKnownFileType = sourcecode.swift; path = PlayerState.swift; sourceTree = "<group>"; };
		9B1B0F952BE5A57800E26B26 /* PlaybackState.swift */ = {isa = PBXFileReference; lastKnownFileType = sourcecode.swift; path = PlaybackState.swift; sourceTree = "<group>"; };
		9B258F2D2BDF193100DC5EE2 /* Info.plist */ = {isa = PBXFileReference; lastKnownFileType = text.plist.xml; path = Info.plist; sourceTree = "<group>"; };
		9B2755892BE960D60007E18B /* Secrets.swift */ = {isa = PBXFileReference; lastKnownFileType = sourcecode.swift; path = Secrets.swift; sourceTree = "<group>"; };
		9B2B1A532BF8201400DE1F5F /* NoMusicPlayerMenuView.swift */ = {isa = PBXFileReference; lastKnownFileType = sourcecode.swift; path = NoMusicPlayerMenuView.swift; sourceTree = "<group>"; };
		9B2B1A552BF8203C00DE1F5F /* WarningView.swift */ = {isa = PBXFileReference; lastKnownFileType = sourcecode.swift; path = WarningView.swift; sourceTree = "<group>"; };
		9B2B1A572BF8215700DE1F5F /* OutOfSpaceMenuView.swift */ = {isa = PBXFileReference; lastKnownFileType = sourcecode.swift; path = OutOfSpaceMenuView.swift; sourceTree = "<group>"; };
		9B2B1A5A2BF822AC00DE1F5F /* StandardMenuView.swift */ = {isa = PBXFileReference; lastKnownFileType = sourcecode.swift; path = StandardMenuView.swift; sourceTree = "<group>"; };
		9B5503012BD5F22E0005BEBD /* SoundSeerTests.xctest */ = {isa = PBXFileReference; explicitFileType = wrapper.cfbundle; includeInIndex = 0; path = SoundSeerTests.xctest; sourceTree = BUILT_PRODUCTS_DIR; };
		9B55030A2BD5F49C0005BEBD /* StringExtensionTests.swift */ = {isa = PBXFileReference; lastKnownFileType = sourcecode.swift; path = StringExtensionTests.swift; sourceTree = "<group>"; };
		9B5D25BF2BF9588E0001D648 /* NotificationService.swift */ = {isa = PBXFileReference; lastKnownFileType = sourcecode.swift; path = NotificationService.swift; sourceTree = "<group>"; };
		9B8FB46A2BEAE2F400EA402E /* URIType.swift */ = {isa = PBXFileReference; lastKnownFileType = sourcecode.swift; path = URIType.swift; sourceTree = "<group>"; };
		9B9E81802BFA6F4C0067B910 /* Player.swift */ = {isa = PBXFileReference; lastKnownFileType = sourcecode.swift; path = Player.swift; sourceTree = "<group>"; };
		9B9E81822BFA780F0067B910 /* SpotifyPlayer.swift */ = {isa = PBXFileReference; lastKnownFileType = sourcecode.swift; path = SpotifyPlayer.swift; sourceTree = "<group>"; };
		9B9E81842BFA78490067B910 /* AppleMusicPlayer.swift */ = {isa = PBXFileReference; lastKnownFileType = sourcecode.swift; path = AppleMusicPlayer.swift; sourceTree = "<group>"; };
		9B9E81862BFA79460067B910 /* PlayerService.swift */ = {isa = PBXFileReference; lastKnownFileType = sourcecode.swift; path = PlayerService.swift; sourceTree = "<group>"; };
		9BA047132BE9ADC000AF3F34 /* SBSpotify.h */ = {isa = PBXFileReference; lastKnownFileType = sourcecode.c.h; path = SBSpotify.h; sourceTree = "<group>"; };
		9BA047142BE9ADE400AF3F34 /* Bridging-Header.h */ = {isa = PBXFileReference; lastKnownFileType = sourcecode.c.h; path = "Bridging-Header.h"; sourceTree = "<group>"; };
		9BA0471D2BE9B83600AF3F34 /* SBMusic.h */ = {isa = PBXFileReference; lastKnownFileType = sourcecode.c.h; path = SBMusic.h; sourceTree = "<group>"; };
		9BAEAE9E2BDAE2C400C85936 /* LoggerExtension.swift */ = {isa = PBXFileReference; lastKnownFileType = sourcecode.swift; path = LoggerExtension.swift; sourceTree = "<group>"; };
		9BC6A97C2BE7F1FC0069726E /* MusicAPI.swift */ = {isa = PBXFileReference; lastKnownFileType = sourcecode.swift; path = MusicAPI.swift; sourceTree = "<group>"; };
		9BC6B6882BCA2D49005421AE /* SpotifyAPI.swift */ = {isa = PBXFileReference; lastKnownFileType = sourcecode.swift; path = SpotifyAPI.swift; sourceTree = "<group>"; };
		9BD4DCE32BC9EC8B001572F7 /* SoundSeerViewModel.swift */ = {isa = PBXFileReference; lastKnownFileType = sourcecode.swift; path = SoundSeerViewModel.swift; sourceTree = "<group>"; };
		9BE2FA182BC97CCC00A7124B /* SoundSeer.app */ = {isa = PBXFileReference; explicitFileType = wrapper.application; includeInIndex = 0; path = SoundSeer.app; sourceTree = BUILT_PRODUCTS_DIR; };
		9BE2FA1B2BC97CCC00A7124B /* SoundSeerApp.swift */ = {isa = PBXFileReference; lastKnownFileType = sourcecode.swift; path = SoundSeerApp.swift; sourceTree = "<group>"; };
		9BE2FA1F2BC97CCD00A7124B /* Assets.xcassets */ = {isa = PBXFileReference; lastKnownFileType = folder.assetcatalog; path = Assets.xcassets; sourceTree = "<group>"; };
		9BE2FA242BC97CCD00A7124B /* SoundSeer.entitlements */ = {isa = PBXFileReference; lastKnownFileType = text.plist.entitlements; path = SoundSeer.entitlements; sourceTree = "<group>"; };
		9BEB2DDA2BD1C02E0038E223 /* StringExtension.swift */ = {isa = PBXFileReference; lastKnownFileType = sourcecode.swift; path = StringExtension.swift; sourceTree = "<group>"; };
		9BF013C12BEA75010082457D /* SBApplicationManager.m */ = {isa = PBXFileReference; lastKnownFileType = sourcecode.c.objc; path = SBApplicationManager.m; sourceTree = "<group>"; };
		9BF013C32BEA76560082457D /* SBApplicationManager.h */ = {isa = PBXFileReference; lastKnownFileType = sourcecode.c.h; path = SBApplicationManager.h; sourceTree = "<group>"; };
		9BF013C82BEAAE120082457D /* PlayerControlsView.swift */ = {isa = PBXFileReference; lastKnownFileType = sourcecode.swift; path = PlayerControlsView.swift; sourceTree = "<group>"; };
		9BF013CC2BEACB080082457D /* SettingsView.swift */ = {isa = PBXFileReference; lastKnownFileType = sourcecode.swift; path = SettingsView.swift; sourceTree = "<group>"; };
		9BF013CE2BEACC3D0082457D /* SongDetailsView.swift */ = {isa = PBXFileReference; lastKnownFileType = sourcecode.swift; path = SongDetailsView.swift; sourceTree = "<group>"; };
		9BF013D02BEACDF80082457D /* NowPlayingView.swift */ = {isa = PBXFileReference; lastKnownFileType = sourcecode.swift; path = NowPlayingView.swift; sourceTree = "<group>"; };
/* End PBXFileReference section */

/* Begin PBXFrameworksBuildPhase section */
		9B5502FE2BD5F22E0005BEBD /* Frameworks */ = {
			isa = PBXFrameworksBuildPhase;
			buildActionMask = 2147483647;
			files = (
			);
			runOnlyForDeploymentPostprocessing = 0;
		};
		9BE2FA152BC97CCC00A7124B /* Frameworks */ = {
			isa = PBXFrameworksBuildPhase;
			buildActionMask = 2147483647;
			files = (
				9B1461312BD08573009C931B /* ScriptingBridge.framework in Frameworks */,
				9BC6B6872BCA2CDF005421AE /* Alamofire in Frameworks */,
				9B2B1A522BF80D2700DE1F5F /* LaunchAtLogin in Frameworks */,
				9BC6A9822BE7F4400069726E /* SwiftJWT in Frameworks */,
			);
			runOnlyForDeploymentPostprocessing = 0;
		};
/* End PBXFrameworksBuildPhase section */

/* Begin PBXGroup section */
		9B11EA222BFC231100A7EE2D /* Services */ = {
			isa = PBXGroup;
			children = (
				9B5D25BF2BF9588E0001D648 /* NotificationService.swift */,
				9B9E81862BFA79460067B910 /* PlayerService.swift */,
				9B11EA202BFC202E00A7EE2D /* ResizeService.swift */,
			);
			path = Services;
			sourceTree = "<group>";
		};
		9B14612F2BD08573009C931B /* Frameworks */ = {
			isa = PBXGroup;
			children = (
				9B1461302BD08573009C931B /* ScriptingBridge.framework */,
			);
			name = Frameworks;
			sourceTree = "<group>";
		};
		9B2755882BE95E9A0007E18B /* API */ = {
			isa = PBXGroup;
			children = (
				9BC6A97C2BE7F1FC0069726E /* MusicAPI.swift */,
				9BC6B6882BCA2D49005421AE /* SpotifyAPI.swift */,
				9B8FB46A2BEAE2F400EA402E /* URIType.swift */,
			);
			path = API;
			sourceTree = "<group>";
		};
		9B2B1A592BF8219B00DE1F5F /* MenuViews */ = {
			isa = PBXGroup;
			children = (
				9B2B1A532BF8201400DE1F5F /* NoMusicPlayerMenuView.swift */,
				9B2B1A572BF8215700DE1F5F /* OutOfSpaceMenuView.swift */,
				9B2B1A5A2BF822AC00DE1F5F /* StandardMenuView.swift */,
			);
			path = MenuViews;
			sourceTree = "<group>";
		};
		9B2B1A5C2BF823CF00DE1F5F /* UtilityViews */ = {
			isa = PBXGroup;
			children = (
				9B2B1A552BF8203C00DE1F5F /* WarningView.swift */,
			);
			path = UtilityViews;
			sourceTree = "<group>";
		};
		9B5503022BD5F22E0005BEBD /* SoundSeerTests */ = {
			isa = PBXGroup;
			children = (
				9B55030A2BD5F49C0005BEBD /* StringExtensionTests.swift */,
			);
			path = SoundSeerTests;
			sourceTree = "<group>";
		};
		9BA4870D2BFC0209001A53C1 /* Player */ = {
			isa = PBXGroup;
			children = (
				9B9E81842BFA78490067B910 /* AppleMusicPlayer.swift */,
				9B1B0F952BE5A57800E26B26 /* PlaybackState.swift */,
				9B9E81802BFA6F4C0067B910 /* Player.swift */,
				9B1B0F902BE59C3800E26B26 /* PlayerState.swift */,
				9B9E81822BFA780F0067B910 /* SpotifyPlayer.swift */,
			);
			path = Player;
			sourceTree = "<group>";
		};
		9BAEAEA22BDAE8AD00C85936 /* ScriptingBridge */ = {
			isa = PBXGroup;
			children = (
				9BA047142BE9ADE400AF3F34 /* Bridging-Header.h */,
				9BF013C32BEA76560082457D /* SBApplicationManager.h */,
				9BF013C12BEA75010082457D /* SBApplicationManager.m */,
				9BA0471D2BE9B83600AF3F34 /* SBMusic.h */,
				9BA047132BE9ADC000AF3F34 /* SBSpotify.h */,
			);
			path = ScriptingBridge;
			sourceTree = "<group>";
		};
		9BAEAEA32BDAE8D000C85936 /* Extensions */ = {
			isa = PBXGroup;
			children = (
				9BAEAE9E2BDAE2C400C85936 /* LoggerExtension.swift */,
				9BEB2DDA2BD1C02E0038E223 /* StringExtension.swift */,
			);
			path = Extensions;
			sourceTree = "<group>";
		};
		9BE2FA0F2BC97CCC00A7124B = {
			isa = PBXGroup;
			children = (
				9B14612F2BD08573009C931B /* Frameworks */,
				9BE2FA192BC97CCC00A7124B /* Products */,
				9BE2FA1A2BC97CCC00A7124B /* SoundSeer */,
				9BE2FA242BC97CCD00A7124B /* SoundSeer.entitlements */,
				9B5503022BD5F22E0005BEBD /* SoundSeerTests */,
			);
			sourceTree = "<group>";
		};
		9BE2FA192BC97CCC00A7124B /* Products */ = {
			isa = PBXGroup;
			children = (
				9BE2FA182BC97CCC00A7124B /* SoundSeer.app */,
				9B5503012BD5F22E0005BEBD /* SoundSeerTests.xctest */,
			);
			name = Products;
			sourceTree = "<group>";
		};
		9BE2FA1A2BC97CCC00A7124B /* SoundSeer */ = {
			isa = PBXGroup;
			children = (
				9B2755882BE95E9A0007E18B /* API */,
				9BAEAEA32BDAE8D000C85936 /* Extensions */,
				9BA4870D2BFC0209001A53C1 /* Player */,
				9BAEAEA22BDAE8AD00C85936 /* ScriptingBridge */,
				9B11EA222BFC231100A7EE2D /* Services */,
				9BF013CA2BEAAEF90082457D /* Views */,
				9BE2FA1F2BC97CCD00A7124B /* Assets.xcassets */,
				9B258F2D2BDF193100DC5EE2 /* Info.plist */,
				9B2755892BE960D60007E18B /* Secrets.swift */,
				9BE2FA1B2BC97CCC00A7124B /* SoundSeerApp.swift */,
				9BD4DCE32BC9EC8B001572F7 /* SoundSeerViewModel.swift */,
			);
			path = SoundSeer;
			sourceTree = "<group>";
		};
		9BF013CA2BEAAEF90082457D /* Views */ = {
			isa = PBXGroup;
			children = (
				9B2B1A592BF8219B00DE1F5F /* MenuViews */,
				9B2B1A5C2BF823CF00DE1F5F /* UtilityViews */,
				9BF013D02BEACDF80082457D /* NowPlayingView.swift */,
				9BF013C82BEAAE120082457D /* PlayerControlsView.swift */,
				9BF013CE2BEACC3D0082457D /* SongDetailsView.swift */,
				9BF013CC2BEACB080082457D /* SettingsView.swift */,
			);
			path = Views;
			sourceTree = "<group>";
		};
/* End PBXGroup section */

/* Begin PBXNativeTarget section */
		9B5503002BD5F22E0005BEBD /* SoundSeerTests */ = {
			isa = PBXNativeTarget;
			buildConfigurationList = 9B5503092BD5F22E0005BEBD /* Build configuration list for PBXNativeTarget "SoundSeerTests" */;
			buildPhases = (
				9B5502FD2BD5F22E0005BEBD /* Sources */,
				9B5502FE2BD5F22E0005BEBD /* Frameworks */,
				9B5502FF2BD5F22E0005BEBD /* Resources */,
			);
			buildRules = (
			);
			dependencies = (
				9B5503062BD5F22E0005BEBD /* PBXTargetDependency */,
			);
			name = SoundSeerTests;
			productName = SoundSeerTests;
			productReference = 9B5503012BD5F22E0005BEBD /* SoundSeerTests.xctest */;
			productType = "com.apple.product-type.bundle.unit-test";
		};
		9BE2FA172BC97CCC00A7124B /* SoundSeer */ = {
			isa = PBXNativeTarget;
			buildConfigurationList = 9BE2FA272BC97CCD00A7124B /* Build configuration list for PBXNativeTarget "SoundSeer" */;
			buildPhases = (
				9BE2FA142BC97CCC00A7124B /* Sources */,
				9BE2FA152BC97CCC00A7124B /* Frameworks */,
				9BE2FA162BC97CCC00A7124B /* Resources */,
			);
			buildRules = (
			);
			dependencies = (
			);
			name = SoundSeer;
			packageProductDependencies = (
				9BC6B6862BCA2CDF005421AE /* Alamofire */,
				9BC6A9812BE7F4400069726E /* SwiftJWT */,
				9B2B1A512BF80D2700DE1F5F /* LaunchAtLogin */,
			);
			productName = SoundSeer;
			productReference = 9BE2FA182BC97CCC00A7124B /* SoundSeer.app */;
			productType = "com.apple.product-type.application";
		};
/* End PBXNativeTarget section */

/* Begin PBXProject section */
		9BE2FA102BC97CCC00A7124B /* Project object */ = {
			isa = PBXProject;
			attributes = {
				BuildIndependentTargetsInParallel = 1;
				LastSwiftUpdateCheck = 1530;
				LastUpgradeCheck = 1540;
				TargetAttributes = {
					9B5503002BD5F22E0005BEBD = {
						CreatedOnToolsVersion = 15.3;
						TestTargetID = 9BE2FA172BC97CCC00A7124B;
					};
					9BE2FA172BC97CCC00A7124B = {
						CreatedOnToolsVersion = 15.3;
						LastSwiftMigration = 1530;
					};
				};
			};
			buildConfigurationList = 9BE2FA132BC97CCC00A7124B /* Build configuration list for PBXProject "SoundSeer" */;
			compatibilityVersion = "Xcode 14.0";
			developmentRegion = en;
			hasScannedForEncodings = 0;
			knownRegions = (
				en,
				Base,
			);
			mainGroup = 9BE2FA0F2BC97CCC00A7124B;
			packageReferences = (
				9BC6B6852BCA2CDF005421AE /* XCRemoteSwiftPackageReference "Alamofire" */,
				9BC6A9802BE7F4400069726E /* XCRemoteSwiftPackageReference "Swift-JWT" */,
				9B2B1A502BF80D2700DE1F5F /* XCRemoteSwiftPackageReference "LaunchAtLogin-Modern" */,
			);
			productRefGroup = 9BE2FA192BC97CCC00A7124B /* Products */;
			projectDirPath = "";
			projectRoot = "";
			targets = (
				9BE2FA172BC97CCC00A7124B /* SoundSeer */,
				9B5503002BD5F22E0005BEBD /* SoundSeerTests */,
			);
		};
/* End PBXProject section */

/* Begin PBXResourcesBuildPhase section */
		9B5502FF2BD5F22E0005BEBD /* Resources */ = {
			isa = PBXResourcesBuildPhase;
			buildActionMask = 2147483647;
			files = (
			);
			runOnlyForDeploymentPostprocessing = 0;
		};
		9BE2FA162BC97CCC00A7124B /* Resources */ = {
			isa = PBXResourcesBuildPhase;
			buildActionMask = 2147483647;
			files = (
				9BE2FA202BC97CCD00A7124B /* Assets.xcassets in Resources */,
			);
			runOnlyForDeploymentPostprocessing = 0;
		};
/* End PBXResourcesBuildPhase section */

/* Begin PBXSourcesBuildPhase section */
		9B5502FD2BD5F22E0005BEBD /* Sources */ = {
			isa = PBXSourcesBuildPhase;
			buildActionMask = 2147483647;
			files = (
				9B55030B2BD5F49C0005BEBD /* StringExtensionTests.swift in Sources */,
			);
			runOnlyForDeploymentPostprocessing = 0;
		};
		9BE2FA142BC97CCC00A7124B /* Sources */ = {
			isa = PBXSourcesBuildPhase;
			buildActionMask = 2147483647;
			files = (
				9B27558A2BE960D60007E18B /* Secrets.swift in Sources */,
				9B1B0F912BE59C3800E26B26 /* PlayerState.swift in Sources */,
				9B9E81852BFA78490067B910 /* AppleMusicPlayer.swift in Sources */,
				9BE2FA1C2BC97CCC00A7124B /* SoundSeerApp.swift in Sources */,
				9BF013C92BEAAE120082457D /* PlayerControlsView.swift in Sources */,
				9B5D25C02BF9588E0001D648 /* NotificationService.swift in Sources */,
				9BF013C22BEA75010082457D /* SBApplicationManager.m in Sources */,
				9B8FB46B2BEAE2F400EA402E /* URIType.swift in Sources */,
				9B2B1A582BF8215700DE1F5F /* OutOfSpaceMenuView.swift in Sources */,
				9BEB2DDB2BD1C02E0038E223 /* StringExtension.swift in Sources */,
				9B9E81832BFA780F0067B910 /* SpotifyPlayer.swift in Sources */,
				9BF013D12BEACDF80082457D /* NowPlayingView.swift in Sources */,
				9B2B1A562BF8203C00DE1F5F /* WarningView.swift in Sources */,
				9BD4DCE42BC9EC8B001572F7 /* SoundSeerViewModel.swift in Sources */,
				9B2B1A5B2BF822AC00DE1F5F /* StandardMenuView.swift in Sources */,
				9B11EA212BFC202E00A7EE2D /* ResizeService.swift in Sources */,
				9B1B0F962BE5A57800E26B26 /* PlaybackState.swift in Sources */,
				9BAEAE9F2BDAE2C400C85936 /* LoggerExtension.swift in Sources */,
				9BC6A97D2BE7F1FC0069726E /* MusicAPI.swift in Sources */,
				9BF013CF2BEACC3D0082457D /* SongDetailsView.swift in Sources */,
				9BC6B6892BCA2D49005421AE /* SpotifyAPI.swift in Sources */,
				9B2B1A542BF8201400DE1F5F /* NoMusicPlayerMenuView.swift in Sources */,
				9B9E81872BFA79460067B910 /* PlayerService.swift in Sources */,
				9B9E81812BFA6F4C0067B910 /* Player.swift in Sources */,
				9BF013CD2BEACB080082457D /* SettingsView.swift in Sources */,
			);
			runOnlyForDeploymentPostprocessing = 0;
		};
/* End PBXSourcesBuildPhase section */

/* Begin PBXTargetDependency section */
		9B5503062BD5F22E0005BEBD /* PBXTargetDependency */ = {
			isa = PBXTargetDependency;
			target = 9BE2FA172BC97CCC00A7124B /* SoundSeer */;
			targetProxy = 9B5503052BD5F22E0005BEBD /* PBXContainerItemProxy */;
		};
/* End PBXTargetDependency section */

/* Begin XCBuildConfiguration section */
		9B5503072BD5F22E0005BEBD /* Debug */ = {
			isa = XCBuildConfiguration;
			buildSettings = {
				BUNDLE_LOADER = "$(TEST_HOST)";
				CODE_SIGN_STYLE = Automatic;
				CURRENT_PROJECT_VERSION = 1;
				DEAD_CODE_STRIPPING = YES;
				DEVELOPMENT_TEAM = 5DR54W29BC;
				GENERATE_INFOPLIST_FILE = YES;
				MACOSX_DEPLOYMENT_TARGET = 14.4;
				MARKETING_VERSION = 1.0;
				PRODUCT_BUNDLE_IDENTIFIER = net.garelick.SoundSeerTests;
				PRODUCT_NAME = "$(TARGET_NAME)";
				SWIFT_EMIT_LOC_STRINGS = NO;
				SWIFT_VERSION = 5.0;
				TEST_HOST = "$(BUILT_PRODUCTS_DIR)/SoundSeer.app/$(BUNDLE_EXECUTABLE_FOLDER_PATH)/SoundSeer";
			};
			name = Debug;
		};
		9B5503082BD5F22E0005BEBD /* Release */ = {
			isa = XCBuildConfiguration;
			buildSettings = {
				BUNDLE_LOADER = "$(TEST_HOST)";
				CODE_SIGN_STYLE = Automatic;
				CURRENT_PROJECT_VERSION = 1;
				DEAD_CODE_STRIPPING = YES;
				DEVELOPMENT_TEAM = 5DR54W29BC;
				GENERATE_INFOPLIST_FILE = YES;
				MACOSX_DEPLOYMENT_TARGET = 14.4;
				MARKETING_VERSION = 1.0;
				PRODUCT_BUNDLE_IDENTIFIER = net.garelick.SoundSeerTests;
				PRODUCT_NAME = "$(TARGET_NAME)";
				SWIFT_EMIT_LOC_STRINGS = NO;
				SWIFT_VERSION = 5.0;
				TEST_HOST = "$(BUILT_PRODUCTS_DIR)/SoundSeer.app/$(BUNDLE_EXECUTABLE_FOLDER_PATH)/SoundSeer";
			};
			name = Release;
		};
		9BE2FA252BC97CCD00A7124B /* Debug */ = {
			isa = XCBuildConfiguration;
			buildSettings = {
				ALWAYS_SEARCH_USER_PATHS = NO;
				ASSETCATALOG_COMPILER_GENERATE_SWIFT_ASSET_SYMBOL_EXTENSIONS = YES;
				CLANG_ANALYZER_NONNULL = YES;
				CLANG_ANALYZER_NUMBER_OBJECT_CONVERSION = YES_AGGRESSIVE;
				CLANG_CXX_LANGUAGE_STANDARD = "gnu++20";
				CLANG_ENABLE_MODULES = YES;
				CLANG_ENABLE_OBJC_ARC = YES;
				CLANG_ENABLE_OBJC_WEAK = YES;
				CLANG_WARN_BLOCK_CAPTURE_AUTORELEASING = YES;
				CLANG_WARN_BOOL_CONVERSION = YES;
				CLANG_WARN_COMMA = YES;
				CLANG_WARN_CONSTANT_CONVERSION = YES;
				CLANG_WARN_DEPRECATED_OBJC_IMPLEMENTATIONS = YES;
				CLANG_WARN_DIRECT_OBJC_ISA_USAGE = YES_ERROR;
				CLANG_WARN_DOCUMENTATION_COMMENTS = YES;
				CLANG_WARN_EMPTY_BODY = YES;
				CLANG_WARN_ENUM_CONVERSION = YES;
				CLANG_WARN_INFINITE_RECURSION = YES;
				CLANG_WARN_INT_CONVERSION = YES;
				CLANG_WARN_NON_LITERAL_NULL_CONVERSION = YES;
				CLANG_WARN_OBJC_IMPLICIT_RETAIN_SELF = YES;
				CLANG_WARN_OBJC_LITERAL_CONVERSION = YES;
				CLANG_WARN_OBJC_ROOT_CLASS = YES_ERROR;
				CLANG_WARN_QUOTED_INCLUDE_IN_FRAMEWORK_HEADER = YES;
				CLANG_WARN_RANGE_LOOP_ANALYSIS = YES;
				CLANG_WARN_STRICT_PROTOTYPES = YES;
				CLANG_WARN_SUSPICIOUS_MOVE = YES;
				CLANG_WARN_UNGUARDED_AVAILABILITY = YES_AGGRESSIVE;
				CLANG_WARN_UNREACHABLE_CODE = YES;
				CLANG_WARN__DUPLICATE_METHOD_MATCH = YES;
				COPY_PHASE_STRIP = NO;
				DEAD_CODE_STRIPPING = YES;
				DEBUG_INFORMATION_FORMAT = dwarf;
				ENABLE_STRICT_OBJC_MSGSEND = YES;
				ENABLE_TESTABILITY = YES;
				ENABLE_USER_SCRIPT_SANDBOXING = YES;
				GCC_C_LANGUAGE_STANDARD = gnu17;
				GCC_DYNAMIC_NO_PIC = NO;
				GCC_NO_COMMON_BLOCKS = YES;
				GCC_OPTIMIZATION_LEVEL = 0;
				GCC_PREPROCESSOR_DEFINITIONS = (
					"DEBUG=1",
					"$(inherited)",
				);
				GCC_WARN_64_TO_32_BIT_CONVERSION = YES;
				GCC_WARN_ABOUT_RETURN_TYPE = YES_ERROR;
				GCC_WARN_UNDECLARED_SELECTOR = YES;
				GCC_WARN_UNINITIALIZED_AUTOS = YES_AGGRESSIVE;
				GCC_WARN_UNUSED_FUNCTION = YES;
				GCC_WARN_UNUSED_VARIABLE = YES;
				LOCALIZATION_PREFERS_STRING_CATALOGS = YES;
				MACOSX_DEPLOYMENT_TARGET = 14.0;
				MTL_ENABLE_DEBUG_INFO = INCLUDE_SOURCE;
				MTL_FAST_MATH = YES;
				ONLY_ACTIVE_ARCH = YES;
				SDKROOT = macosx;
				SWIFT_ACTIVE_COMPILATION_CONDITIONS = "DEBUG $(inherited)";
				SWIFT_OBJC_BRIDGING_HEADER = "SoundSeer/ScriptingBridge/Bridging-Header.h";
				SWIFT_OPTIMIZATION_LEVEL = "-Onone";
			};
			name = Debug;
		};
		9BE2FA262BC97CCD00A7124B /* Release */ = {
			isa = XCBuildConfiguration;
			buildSettings = {
				ALWAYS_SEARCH_USER_PATHS = NO;
				ASSETCATALOG_COMPILER_GENERATE_SWIFT_ASSET_SYMBOL_EXTENSIONS = YES;
				CLANG_ANALYZER_NONNULL = YES;
				CLANG_ANALYZER_NUMBER_OBJECT_CONVERSION = YES_AGGRESSIVE;
				CLANG_CXX_LANGUAGE_STANDARD = "gnu++20";
				CLANG_ENABLE_MODULES = YES;
				CLANG_ENABLE_OBJC_ARC = YES;
				CLANG_ENABLE_OBJC_WEAK = YES;
				CLANG_WARN_BLOCK_CAPTURE_AUTORELEASING = YES;
				CLANG_WARN_BOOL_CONVERSION = YES;
				CLANG_WARN_COMMA = YES;
				CLANG_WARN_CONSTANT_CONVERSION = YES;
				CLANG_WARN_DEPRECATED_OBJC_IMPLEMENTATIONS = YES;
				CLANG_WARN_DIRECT_OBJC_ISA_USAGE = YES_ERROR;
				CLANG_WARN_DOCUMENTATION_COMMENTS = YES;
				CLANG_WARN_EMPTY_BODY = YES;
				CLANG_WARN_ENUM_CONVERSION = YES;
				CLANG_WARN_INFINITE_RECURSION = YES;
				CLANG_WARN_INT_CONVERSION = YES;
				CLANG_WARN_NON_LITERAL_NULL_CONVERSION = YES;
				CLANG_WARN_OBJC_IMPLICIT_RETAIN_SELF = YES;
				CLANG_WARN_OBJC_LITERAL_CONVERSION = YES;
				CLANG_WARN_OBJC_ROOT_CLASS = YES_ERROR;
				CLANG_WARN_QUOTED_INCLUDE_IN_FRAMEWORK_HEADER = YES;
				CLANG_WARN_RANGE_LOOP_ANALYSIS = YES;
				CLANG_WARN_STRICT_PROTOTYPES = YES;
				CLANG_WARN_SUSPICIOUS_MOVE = YES;
				CLANG_WARN_UNGUARDED_AVAILABILITY = YES_AGGRESSIVE;
				CLANG_WARN_UNREACHABLE_CODE = YES;
				CLANG_WARN__DUPLICATE_METHOD_MATCH = YES;
				COPY_PHASE_STRIP = NO;
				DEAD_CODE_STRIPPING = YES;
				DEBUG_INFORMATION_FORMAT = "dwarf-with-dsym";
				ENABLE_NS_ASSERTIONS = NO;
				ENABLE_STRICT_OBJC_MSGSEND = YES;
				ENABLE_USER_SCRIPT_SANDBOXING = YES;
				GCC_C_LANGUAGE_STANDARD = gnu17;
				GCC_NO_COMMON_BLOCKS = YES;
				GCC_WARN_64_TO_32_BIT_CONVERSION = YES;
				GCC_WARN_ABOUT_RETURN_TYPE = YES_ERROR;
				GCC_WARN_UNDECLARED_SELECTOR = YES;
				GCC_WARN_UNINITIALIZED_AUTOS = YES_AGGRESSIVE;
				GCC_WARN_UNUSED_FUNCTION = YES;
				GCC_WARN_UNUSED_VARIABLE = YES;
				LOCALIZATION_PREFERS_STRING_CATALOGS = YES;
				MACOSX_DEPLOYMENT_TARGET = 14.0;
				MTL_ENABLE_DEBUG_INFO = NO;
				MTL_FAST_MATH = YES;
				SDKROOT = macosx;
				SWIFT_COMPILATION_MODE = wholemodule;
				SWIFT_OBJC_BRIDGING_HEADER = "SoundSeer/ScriptingBridge/Bridging-Header.h";
			};
			name = Release;
		};
		9BE2FA282BC97CCD00A7124B /* Debug */ = {
			isa = XCBuildConfiguration;
			buildSettings = {
				ASSETCATALOG_COMPILER_APPICON_NAME = AppIcon;
				CLANG_ENABLE_MODULES = YES;
				CODE_SIGN_ENTITLEMENTS = SoundSeer.entitlements;
				CODE_SIGN_IDENTITY = "Apple Development";
				"CODE_SIGN_IDENTITY[sdk=macosx*]" = "Apple Development";
				CODE_SIGN_STYLE = Automatic;
				COMBINE_HIDPI_IMAGES = YES;
				CURRENT_PROJECT_VERSION = 22;
				DEAD_CODE_STRIPPING = YES;
				DEFINES_MODULE = YES;
				DEVELOPMENT_TEAM = 5DR54W29BC;
				ENABLE_HARDENED_RUNTIME = YES;
				ENABLE_MODULE_VERIFIER = YES;
				ENABLE_PREVIEWS = YES;
				GENERATE_INFOPLIST_FILE = YES;
				INFOPLIST_FILE = SoundSeer/Info.plist;
				INFOPLIST_KEY_CFBundleDisplayName = SoundSeer;
				INFOPLIST_KEY_LSApplicationCategoryType = "public.app-category.music";
				INFOPLIST_KEY_LSUIElement = YES;
				INFOPLIST_KEY_NSAppleEventsUsageDescription = "This permission is necessary to read your music player's data and control playback.";
				INFOPLIST_KEY_NSHumanReadableCopyright = "2024 Jonathan Garelick";
				LD_RUNPATH_SEARCH_PATHS = (
					"$(inherited)",
					"@executable_path/../Frameworks",
				);
				MACOSX_DEPLOYMENT_TARGET = 14.0;
				MARKETING_VERSION = 1.2.0;
				MODULE_VERIFIER_SUPPORTED_LANGUAGE_STANDARDS = "gnu17 gnu++20";
				PRODUCT_BUNDLE_IDENTIFIER = net.garelick.SoundSeer;
				PRODUCT_NAME = "$(TARGET_NAME)";
				PROVISIONING_PROFILE_SPECIFIER = "";
				SWIFT_EMIT_LOC_STRINGS = YES;
				SWIFT_OPTIMIZATION_LEVEL = "-Onone";
				SWIFT_VERSION = 5.0;
			};
			name = Debug;
		};
		9BE2FA292BC97CCD00A7124B /* Release */ = {
			isa = XCBuildConfiguration;
			buildSettings = {
				ASSETCATALOG_COMPILER_APPICON_NAME = AppIcon;
				CLANG_ENABLE_MODULES = YES;
				CODE_SIGN_ENTITLEMENTS = SoundSeer.entitlements;
				CODE_SIGN_IDENTITY = "Apple Development";
				"CODE_SIGN_IDENTITY[sdk=macosx*]" = "Apple Development";
				CODE_SIGN_STYLE = Automatic;
				COMBINE_HIDPI_IMAGES = YES;
				CURRENT_PROJECT_VERSION = 22;
				DEAD_CODE_STRIPPING = YES;
				DEFINES_MODULE = YES;
				DEVELOPMENT_TEAM = 5DR54W29BC;
				ENABLE_HARDENED_RUNTIME = YES;
				ENABLE_MODULE_VERIFIER = YES;
				ENABLE_PREVIEWS = YES;
				GENERATE_INFOPLIST_FILE = YES;
				INFOPLIST_FILE = SoundSeer/Info.plist;
				INFOPLIST_KEY_CFBundleDisplayName = SoundSeer;
				INFOPLIST_KEY_LSApplicationCategoryType = "public.app-category.music";
				INFOPLIST_KEY_LSUIElement = YES;
				INFOPLIST_KEY_NSAppleEventsUsageDescription = "This permission is necessary to read your music player's data and control playback.";
				INFOPLIST_KEY_NSHumanReadableCopyright = "2024 Jonathan Garelick";
				LD_RUNPATH_SEARCH_PATHS = (
					"$(inherited)",
					"@executable_path/../Frameworks",
				);
				MACOSX_DEPLOYMENT_TARGET = 14.0;
				MARKETING_VERSION = 1.2.0;
				MODULE_VERIFIER_SUPPORTED_LANGUAGE_STANDARDS = "gnu17 gnu++20";
				PRODUCT_BUNDLE_IDENTIFIER = net.garelick.SoundSeer;
				PRODUCT_NAME = "$(TARGET_NAME)";
				PROVISIONING_PROFILE_SPECIFIER = "";
				SWIFT_EMIT_LOC_STRINGS = YES;
				SWIFT_VERSION = 5.0;
			};
			name = Release;
		};
/* End XCBuildConfiguration section */

/* Begin XCConfigurationList section */
		9B5503092BD5F22E0005BEBD /* Build configuration list for PBXNativeTarget "SoundSeerTests" */ = {
			isa = XCConfigurationList;
			buildConfigurations = (
				9B5503072BD5F22E0005BEBD /* Debug */,
				9B5503082BD5F22E0005BEBD /* Release */,
			);
			defaultConfigurationIsVisible = 0;
			defaultConfigurationName = Release;
		};
		9BE2FA132BC97CCC00A7124B /* Build configuration list for PBXProject "SoundSeer" */ = {
			isa = XCConfigurationList;
			buildConfigurations = (
				9BE2FA252BC97CCD00A7124B /* Debug */,
				9BE2FA262BC97CCD00A7124B /* Release */,
			);
			defaultConfigurationIsVisible = 0;
			defaultConfigurationName = Release;
		};
		9BE2FA272BC97CCD00A7124B /* Build configuration list for PBXNativeTarget "SoundSeer" */ = {
			isa = XCConfigurationList;
			buildConfigurations = (
				9BE2FA282BC97CCD00A7124B /* Debug */,
				9BE2FA292BC97CCD00A7124B /* Release */,
			);
			defaultConfigurationIsVisible = 0;
			defaultConfigurationName = Release;
		};
/* End XCConfigurationList section */

/* Begin XCRemoteSwiftPackageReference section */
		9B2B1A502BF80D2700DE1F5F /* XCRemoteSwiftPackageReference "LaunchAtLogin-Modern" */ = {
			isa = XCRemoteSwiftPackageReference;
			repositoryURL = "https://github.com/sindresorhus/LaunchAtLogin-Modern";
			requirement = {
				kind = upToNextMajorVersion;
				minimumVersion = 1.0.0;
			};
		};
		9BC6A9802BE7F4400069726E /* XCRemoteSwiftPackageReference "Swift-JWT" */ = {
			isa = XCRemoteSwiftPackageReference;
			repositoryURL = "https://github.com/Kitura/Swift-JWT.git";
			requirement = {
				kind = upToNextMajorVersion;
				minimumVersion = 4.0.1;
			};
		};
		9BC6B6852BCA2CDF005421AE /* XCRemoteSwiftPackageReference "Alamofire" */ = {
			isa = XCRemoteSwiftPackageReference;
			repositoryURL = "https://github.com/Alamofire/Alamofire";
			requirement = {
				kind = upToNextMajorVersion;
				minimumVersion = 5.9.1;
			};
		};
/* End XCRemoteSwiftPackageReference section */

/* Begin XCSwiftPackageProductDependency section */
		9B2B1A512BF80D2700DE1F5F /* LaunchAtLogin */ = {
			isa = XCSwiftPackageProductDependency;
			package = 9B2B1A502BF80D2700DE1F5F /* XCRemoteSwiftPackageReference "LaunchAtLogin-Modern" */;
			productName = LaunchAtLogin;
		};
		9BC6A9812BE7F4400069726E /* SwiftJWT */ = {
			isa = XCSwiftPackageProductDependency;
			package = 9BC6A9802BE7F4400069726E /* XCRemoteSwiftPackageReference "Swift-JWT" */;
			productName = SwiftJWT;
		};
		9BC6B6862BCA2CDF005421AE /* Alamofire */ = {
			isa = XCSwiftPackageProductDependency;
			package = 9BC6B6852BCA2CDF005421AE /* XCRemoteSwiftPackageReference "Alamofire" */;
			productName = Alamofire;
		};
/* End XCSwiftPackageProductDependency section */
	};
	rootObject = 9BE2FA102BC97CCC00A7124B /* Project object */;
}
